
Microsoft Visual Studio Solution File, Format Version 12.00
# Visual Studio Version 17
VisualStudioVersion = 17.11.35327.3
MinimumVisualStudioVersion = 10.0.40219.1
Project("{FAE04EC0-301F-11D3-BF4B-00C04F79EFBC}") = "BlazorCoreForms", "BlazorCoreForms\BlazorCoreForms\BlazorCoreForms.csproj", "{556CF7A7-0AAA-488A-901A-1F50E907FF98}"
EndProject
Project("{FAE04EC0-301F-11D3-BF4B-00C04F79EFBC}") = "BlazorCoreForms.Client", "BlazorCoreForms\BlazorCoreForms.Client\BlazorCoreForms.Client.csproj", "{9CC2E9AF-4093-48DF-ADFC-CF9E5043BB5D}"
EndProject
Global
	GlobalSection(SolutionConfigurationPlatforms) = preSolution
		Debug|Any CPU = Debug|Any CPU
		Release|Any CPU = Release|Any CPU
	EndGlobalSection
	GlobalSection(ProjectConfigurationPlatforms) = postSolution
		{556CF7A7-0AAA-488A-901A-1F50E907FF98}.Debug|Any CPU.ActiveCfg = Debug|Any CPU
		{556CF7A7-0AAA-488A-901A-1F50E907FF98}.Debug|Any CPU.Build.0 = Debug|Any CPU
		{556CF7A7-0AAA-488A-901A-1F50E907FF98}.Release|Any CPU.ActiveCfg = Release|Any CPU
		{556CF7A7-0AAA-488A-901A-1F50E907FF98}.Release|Any CPU.Build.0 = Release|Any CPU
		{9CC2E9AF-4093-48DF-ADFC-CF9E5043BB5D}.Debug|Any CPU.ActiveCfg = Debug|Any CPU
		{9CC2E9AF-4093-48DF-ADFC-CF9E5043BB5D}.Debug|Any CPU.Build.0 = Debug|Any CPU
		{9CC2E9AF-4093-48DF-ADFC-CF9E5043BB5D}.Release|Any CPU.ActiveCfg = Release|Any CPU
		{9CC2E9AF-4093-48DF-ADFC-CF9E5043BB5D}.Release|Any CPU.Build.0 = Release|Any CPU
	EndGlobalSection
	GlobalSection(SolutionProperties) = preSolution
		HideSolutionNode = FALSE
	EndGlobalSection
	GlobalSection(ExtensibilityGlobals) = postSolution
		SolutionGuid = {BB8FAAD3-F3A9-452F-9B5B-05DA68CB57C5}
	EndGlobalSection
EndGlobal
